{
	"R" : {
		"Version" : "4.0.2",
		"Repositories" : [
			{
				"Name" : "CRAN",
				"URL" : "https://cloud.r-project.org"
			}
		]
	},
	"Packages" : {
		"backports" : {
			"Package" : "backports",
			"Version" : "1.1.9",
			"Source" : "Repository",
			"Repository" : "CRAN"
		},
		"ps" : {
			"Package" : "ps",
			"Version" : "1.3.4",
			"Source" : "Repository",
			"Repository" : "CRAN"
		},
		"R6" : {
			"Package" : "R6",
			"Version" : "2.4.1",
			"Source" : "Repository",
			"Repository" : "CRAN"
		},
		"rlang" : {
			"Package" : "rlang",
			"Version" : "0.4.7",
			"Source" : "Repository",
			"Repository" : "CRAN"
		},
		"assertthat" : {
			"Package" : "assertthat",
			"Version" : "0.2.1",
			"Source" : "Repository",
			"Repository" : "CRAN"
		},
		"crayon" : {
			"Package" : "crayon",
			"Version" : "1.3.4",
			"Source" : "Repository",
			"Repository" : "CRAN"
		},
		"digest" : {
			"Package" : "digest",
			"Version" : "0.6.25",
			"Source" : "Repository",
			"Repository" : "CRAN"
		},
		"ellipsis" : {
			"Package" : "ellipsis",
			"Version" : "0.3.1",
			"Source" : "Repository",
			"Repository" : "CRAN"
		},
		"fansi" : {
			"Package" : "fansi",
			"Version" : "0.4.1",
			"Source" : "Repository",
			"Repository" : "CRAN"
		},
		"glue" : {
			"Package" : "glue",
			"Version" : "1.4.1",
			"Source" : "Repository",
			"Repository" : "CRAN"
		},
		"processx" : {
			"Package" : "processx",
			"Version" : "3.4.3",
			"Source" : "Repository",
			"Repository" : "CRAN"
		},
		"rprojroot" : {
			"Package" : "rprojroot",
			"Version" : "1.3-2",
			"Source" : "Repository",
			"Repository" : "CRAN"
		},
		"callr" : {
			"Package" : "callr",
			"Version" : "3.4.3",
			"Source" : "Repository",
			"Repository" : "CRAN"
		},
		"cli" : {
			"Package" : "cli",
			"Version" : "2.0.2",
			"Source" : "Repository",
			"Repository" : "CRAN"
		},
		"desc" : {
			"Package" : "desc",
			"Version" : "1.2.0",
			"Source" : "Repository",
			"Repository" : "CRAN"
		},
		"lifecycle" : {
			"Package" : "lifecycle",
			"Version" : "0.2.0",
			"Source" : "Repository",
			"Repository" : "CRAN"
		},
		"magrittr" : {
			"Package" : "magrittr",
			"Version" : "1.5",
			"Source" : "Repository",
			"Repository" : "CRAN"
		},
		"prettyunits" : {
			"Package" : "prettyunits",
			"Version" : "1.1.1",
			"Source" : "Repository",
			"Repository" : "CRAN"
		},
		"utf8" : {
			"Package" : "utf8",
			"Version" : "1.1.4",
			"Source" : "Repository",
			"Repository" : "CRAN"
		},
		"vctrs" : {
			"Package" : "vctrs",
			"Version" : "0.3.2",
			"Source" : "Repository",
			"Repository" : "CRAN"
		},
		"withr" : {
			"Package" : "withr",
			"Version" : "2.2.0",
			"Source" : "Repository",
			"Repository" : "CRAN"
		},
		"pillar" : {
			"Package" : "pillar",
			"Version" : "1.4.6",
			"Source" : "Repository",
			"Repository" : "CRAN"
		},
		"pkgbuild" : {
			"Package" : "pkgbuild",
			"Version" : "1.1.0",
			"Source" : "Repository",
			"Repository" : "CRAN"
		},
		"pkgconfig" : {
			"Package" : "pkgconfig",
			"Version" : "2.0.3",
			"Source" : "Repository",
			"Repository" : "CRAN"
		},
		"purrr" : {
			"Package" : "purrr",
			"Version" : "0.3.4",
			"Source" : "Repository",
			"Repository" : "CRAN"
		},
		"rstudioapi" : {
			"Package" : "rstudioapi",
			"Version" : "0.11",
			"Source" : "Repository",
			"Repository" : "CRAN"
		},
		"BH" : {
			"Package" : "BH",
			"Version" : "1.72.0-3",
			"Source" : "Repository",
			"Repository" : "CRAN"
		},
		"bit" : {
			"Package" : "bit",
			"Version" : "4.0.4",
			"Source" : "Repository",
			"Repository" : "CRAN"
		},
		"colorspace" : {
			"Package" : "colorspace",
			"Version" : "1.4-1",
			"Source" : "Repository",
			"Repository" : "CRAN"
		},
		"evaluate" : {
			"Package" : "evaluate",
			"Version" : "0.14",
			"Source" : "Repository",
			"Repository" : "CRAN"
		},
		"generics" : {
			"Package" : "generics",
			"Version" : "0.0.2",
			"Source" : "Repository",
			"Repository" : "CRAN"
		},
		"lattice" : {
			"Package" : "lattice",
			"Version" : "0.20-41",
			"Source" : "Repository",
			"Repository" : "CRAN"
		},
		"pkgload" : {
			"Package" : "pkgload",
			"Version" : "1.1.0",
			"Source" : "Repository",
			"Repository" : "CRAN"
		},
		"praise" : {
			"Package" : "praise",
			"Version" : "1.0.0",
			"Source" : "Repository",
			"Repository" : "CRAN"
		},
		"Rcpp" : {
			"Package" : "Rcpp",
			"Version" : "1.0.5",
			"Source" : "Repository",
			"Repository" : "CRAN"
		},
		"sys" : {
			"Package" : "sys",
			"Version" : "3.4",
			"Source" : "Repository",
			"Repository" : "CRAN"
		},
		"tibble" : {
			"Package" : "tibble",
			"Version" : "3.0.3",
			"Source" : "Repository",
			"Repository" : "CRAN"
		},
		"tidyselect" : {
			"Package" : "tidyselect",
			"Version" : "1.1.0",
			"Source" : "Repository",
			"Repository" : "CRAN"
		},
		"askpass" : {
			"Package" : "askpass",
			"Version" : "1.1",
			"Source" : "Repository",
			"Repository" : "CRAN"
		},
		"base64enc" : {
			"Package" : "base64enc",
			"Version" : "0.1-3",
			"Source" : "Repository",
			"Repository" : "CRAN"
		},
		"bit64" : {
			"Package" : "bit64",
			"Version" : "4.0.2",
			"Source" : "Repository",
			"Repository" : "CRAN"
		},
		"blob" : {
			"Package" : "blob",
			"Version" : "1.2.1",
			"Source" : "Repository",
			"Repository" : "CRAN"
		},
		"cpp11" : {
			"Package" : "cpp11",
			"Version" : "0.2.1",
			"Source" : "Repository",
			"Repository" : "CRAN"
		},
		"DBI" : {
			"Package" : "DBI",
			"Version" : "1.1.0",
			"Source" : "Repository",
			"Repository" : "CRAN"
		},
		"dplyr" : {
			"Package" : "dplyr",
			"Version" : "1.0.2",
			"Source" : "Repository",
			"Repository" : "CRAN"
		},
		"farver" : {
			"Package" : "farver",
			"Version" : "2.0.3",
			"Source" : "Repository",
			"Repository" : "CRAN"
		},
		"labeling" : {
			"Package" : "labeling",
			"Version" : "0.3",
			"Source" : "Repository",
			"Repository" : "CRAN"
		},
		"later" : {
			"Package" : "later",
			"Version" : "1.1.0.1",
			"Source" : "Repository",
			"Repository" : "CRAN"
		},
		"Matrix" : {
			"Package" : "Matrix",
			"Version" : "1.2-18",
			"Source" : "Repository",
			"Repository" : "CRAN"
		},
		"memoise" : {
			"Package" : "memoise",
			"Version" : "1.1.0",
			"Source" : "Repository",
			"Repository" : "CRAN"
		},
		"munsell" : {
			"Package" : "munsell",
			"Version" : "0.5.0",
			"Source" : "Repository",
			"Repository" : "CRAN"
		},
		"nlme" : {
			"Package" : "nlme",
			"Version" : "3.1-149",
			"Source" : "Repository",
			"Repository" : "CRAN"
		},
		"plogr" : {
			"Package" : "plogr",
			"Version" : "0.2.0",
			"Source" : "Repository",
			"Repository" : "CRAN"
		},
		"RColorBrewer" : {
			"Package" : "RColorBrewer",
			"Version" : "1.1-2",
			"Source" : "Repository",
			"Repository" : "CRAN"
		},
		"rJava" : {
			"Package" : "rJava",
			"Version" : "0.9-13",
			"Source" : "Repository",
			"Repository" : "CRAN"
		},
		"stringi" : {
			"Package" : "stringi",
			"Version" : "1.4.6",
			"Source" : "Repository",
			"Repository" : "CRAN"
		},
		"testthat" : {
			"Package" : "testthat",
			"Version" : "2.3.2",
			"Source" : "Repository",
			"Repository" : "CRAN"
		},
		"triebeard" : {
			"Package" : "triebeard",
			"Version" : "0.3.0",
			"Source" : "Repository",
			"Repository" : "CRAN"
		},
		"viridisLite" : {
			"Package" : "viridisLite",
			"Version" : "0.3.0",
			"Source" : "Repository",
			"Repository" : "CRAN"
		},
		"clipr" : {
			"Package" : "clipr",
			"Version" : "0.7.0",
			"Source" : "Repository",
			"Repository" : "CRAN"
		},
		"compiler" : {
			"Package" : "compiler",
			"Version" : "4.0.2",
			"Source" : "Repository",
			"Repository" : "CRAN"
		},
		"curl" : {
			"Package" : "curl",
			"Version" : "4.3",
			"Source" : "Repository",
			"Repository" : "CRAN"
		},
		"DatabaseConnectorJars" : {
			"Package" : "DatabaseConnectorJars",
			"Version" : "1.1.0",
			"Source" : "Repository",
			"Repository" : "CRAN"
		},
		"dbplyr" : {
			"Package" : "dbplyr",
			"Version" : "1.4.4",
			"Source" : "Repository",
			"Repository" : "CRAN"
		},
		"gtable" : {
			"Package" : "gtable",
			"Version" : "0.3.0",
			"Source" : "Repository",
			"Repository" : "CRAN"
		},
		"hms" : {
			"Package" : "hms",
			"Version" : "0.5.3",
			"Source" : "Repository",
			"Repository" : "CRAN"
		},
		"htmltools" : {
			"Package" : "htmltools",
			"Version" : "0.5.0",
			"Source" : "Repository",
			"Repository" : "CRAN"
		},
		"isoband" : {
			"Package" : "isoband",
			"Version" : "0.2.2",
			"Source" : "Repository",
			"Repository" : "CRAN"
		},
		"jsonlite" : {
			"Package" : "jsonlite",
			"Version" : "1.7.0",
			"Source" : "Repository",
			"Repository" : "CRAN"
		},
		"MASS" : {
			"Package" : "MASS",
			"Version" : "7.3-52",
			"Source" : "Repository",
			"Repository" : "CRAN"
		},
		"mgcv" : {
			"Package" : "mgcv",
			"Version" : "1.8-32",
			"Source" : "Repository",
			"Repository" : "CRAN"
		},
		"mime" : {
			"Package" : "mime",
			"Version" : "0.9",
			"Source" : "Repository",
			"Repository" : "CRAN"
		},
		"openssl" : {
			"Package" : "openssl",
			"Version" : "1.4.2",
			"Source" : "Repository",
			"Repository" : "CRAN"
		},
		"promises" : {
			"Package" : "promises",
			"Version" : "1.1.1",
			"Source" : "Repository",
			"Repository" : "CRAN"
		},
		"RSQLite" : {
			"Package" : "RSQLite",
			"Version" : "2.2.1",
			"Source" : "Repository",
			"Repository" : "CRAN"
		},
		"scales" : {
			"Package" : "scales",
			"Version" : "1.1.1",
			"Source" : "Repository",
			"Repository" : "CRAN"
		},
		"snow" : {
			"Package" : "snow",
			"Version" : "0.4-3",
			"Source" : "Repository",
			"Repository" : "CRAN"
		},
		"SqlRender" : {
			"Package" : "SqlRender",
			"Version" : "1.6.8",
			"Source" : "Repository",
			"Repository" : "CRAN"
		},
		"stringr" : {
			"Package" : "stringr",
			"Version" : "1.4.0",
			"Source" : "Repository",
			"Repository" : "CRAN"
		},
		"systemfonts" : {
			"Package" : "systemfonts",
			"Version" : "0.3.2",
			"Source" : "Repository",
			"Repository" : "CRAN"
		},
		"urltools" : {
			"Package" : "urltools",
			"Version" : "1.7.3",
			"Source" : "Repository",
			"Repository" : "CRAN"
		},
		"xml2" : {
			"Package" : "xml2",
			"Version" : "1.3.2",
			"Source" : "Repository",
			"Repository" : "CRAN"
		},
		"yaml" : {
			"Package" : "yaml",
			"Version" : "2.2.1",
			"Source" : "Repository",
			"Repository" : "CRAN"
		},
		"zip" : {
			"Package" : "zip",
			"Version" : "2.1.0",
			"Source" : "Repository",
			"Repository" : "CRAN"
		},
		"Andromeda" : {
			"Package" : "Andromeda",
			"Version" : "0.4.0",
			"Source" : "Repository",
			"Repository" : "CRAN"
		},
		"boot" : {
			"Package" : "boot",
			"Version" : "1.3-25",
			"Source" : "Repository",
			"Repository" : "CRAN"
		},
		"checkmate" : {
			"Package" : "checkmate",
			"Version" : "2.0.0",
			"Source" : "Repository",
			"Repository" : "CRAN"
		},
		"commonmark" : {
			"Package" : "commonmark",
			"Version" : "1.7",
			"Source" : "Repository",
			"Repository" : "CRAN"
		},
		"DatabaseConnector" : {
			"Package" : "DatabaseConnector",
			"Version" : "3.0.0",
			"Source" : "Repository",
			"Repository" : "CRAN"
		},
		"fastmap" : {
			"Package" : "fastmap",
			"Version" : "1.0.1",
			"Source" : "Repository",
			"Repository" : "CRAN"
		},
		"gdtools" : {
			"Package" : "gdtools",
			"Version" : "0.2.2",
			"Source" : "Repository",
			"Repository" : "CRAN"
		},
		"ggplot2" : {
			"Package" : "ggplot2",
			"Version" : "3.3.2",
			"Source" : "Repository",
			"Repository" : "CRAN"
		},
		"htmlwidgets" : {
			"Package" : "htmlwidgets",
			"Version" : "1.5.1",
			"Source" : "Repository",
			"Repository" : "CRAN"
		},
		"httpuv" : {
			"Package" : "httpuv",
			"Version" : "1.5.4",
			"Source" : "Repository",
			"Repository" : "CRAN"
		},
		"httr" : {
			"Package" : "httr",
			"Version" : "1.4.2",
			"Source" : "Repository",
			"Repository" : "CRAN"
		},
		"lazyeval" : {
			"Package" : "lazyeval",
			"Version" : "0.2.2",
			"Source" : "Repository",
			"Repository" : "CRAN"
		},
		"lubridate" : {
			"Package" : "lubridate",
			"Version" : "1.7.9",
			"Source" : "Repository",
			"Repository" : "CRAN"
		},
		"minqa" : {
			"Package" : "minqa",
			"Version" : "1.2.4",
			"Source" : "Repository",
			"Repository" : "CRAN"
		},
		"nloptr" : {
			"Package" : "nloptr",
			"Version" : "1.2.2.1",
			"Source" : "Repository",
			"Repository" : "CRAN"
		},
		"openxlsx" : {
			"Package" : "openxlsx",
			"Version" : "4.2.2",
			"Source" : "Repository",
			"Repository" : "CRAN"
		},
		"parallel" : {
			"Package" : "parallel",
			"Version" : "4.0.2",
			"Source" : "Repository",
			"Repository" : "CRAN"
		},
		"ParallelLogger" : {
			"Package" : "ParallelLogger",
			"Version" : "2.0.1",
			"Source" : "Repository",
			"Repository" : "CRAN"
		},
		"RcppEigen" : {
			"Package" : "RcppEigen",
			"Version" : "0.3.3.7.0",
			"Source" : "Repository",
			"Repository" : "CRAN"
		},
		"readr" : {
			"Package" : "readr",
			"Version" : "1.4.0",
			"Source" : "Repository",
			"Repository" : "CRAN"
		},
		"RJSONIO" : {
			"Package" : "RJSONIO",
			"Version" : "1.3-1.4",
			"Source" : "Repository",
			"Repository" : "CRAN"
		},
		"sourcetools" : {
			"Package" : "sourcetools",
			"Version" : "0.1.7",
			"Source" : "Repository",
			"Repository" : "CRAN"
		},
		"statmod" : {
			"Package" : "statmod",
			"Version" : "1.4.35",
			"Source" : "Repository",
			"Repository" : "CRAN"
		},
		"tidyr" : {
			"Package" : "tidyr",
			"Version" : "1.1.2",
			"Source" : "Repository",
			"Repository" : "CRAN"
		},
		"uuid" : {
			"Package" : "uuid",
			"Version" : "0.1-4",
			"Source" : "Repository",
			"Repository" : "CRAN"
		},
		"xtable" : {
			"Package" : "xtable",
			"Version" : "1.8-4",
			"Source" : "Repository",
			"Repository" : "CRAN"
		},
		"CompQuadForm" : {
			"Package" : "CompQuadForm",
			"Version" : "1.4.3",
			"Source" : "Repository",
			"Repository" : "CRAN"
		},
		"crosstalk" : {
			"Package" : "crosstalk",
			"Version" : "1.1.0.1",
			"Source" : "Repository",
			"Repository" : "CRAN"
		},
		"ggiraph" : {
			"Package" : "ggiraph",
			"Version" : "0.7.8",
			"Source" : "Repository",
			"Repository" : "CRAN"
		},
		"gridExtra" : {
			"Package" : "gridExtra",
			"Version" : "2.3",
			"Source" : "Repository",
			"Repository" : "CRAN"
		},
		"lme4" : {
			"Package" : "lme4",
			"Version" : "1.1-25",
			"Source" : "Repository",
			"Repository" : "CRAN"
		},
		"metafor" : {
			"Package" : "metafor",
			"Version" : "2.4-0",
			"Source" : "Repository",
			"Repository" : "CRAN"
		},
		"shiny" : {
			"Package" : "shiny",
			"Version" : "1.5.0",
			"Source" : "Repository",
			"Repository" : "CRAN"
		},
		"survival" : {
			"Package" : "survival",
			"Version" : "3.2-3",
			"Source" : "Repository",
			"Repository" : "CRAN"
		},
		"xfun" : {
			"Package" : "xfun",
			"Version" : "0.17",
			"Source" : "Repository",
			"Repository" : "CRAN"
		},
		"BeastJar" : {
			"Package" : "BeastJar",
			"Version" : "1.10.6",
			"Source" : "Repository",
			"Repository" : "CRAN"
		},
		"Cyclops" : {
			"Package" : "Cyclops",
			"Version" : "3.1.0",
			"Source" : "Repository",
			"Repository" : "CRAN"
		},
		"DT" : {
			"Package" : "DT",
			"Version" : "0.15",
			"Source" : "Repository",
			"Repository" : "CRAN"
		},
		"EmpiricalCalibration" : {
			"Package" : "EmpiricalCalibration",
			"Version" : "2.0.2",
			"Source" : "Repository",
			"Repository" : "CRAN"
		},
		"HDInterval" : {
			"Package" : "HDInterval",
			"Version" : "0.2.2",
			"Source" : "Repository",
			"Repository" : "CRAN"
		},
		"markdown" : {
			"Package" : "markdown",
			"Version" : "1.1",
			"Source" : "Repository",
			"Repository" : "CRAN"
		},
		"meta" : {
			"Package" : "meta",
			"Version" : "4.15-1",
			"Source" : "Repository",
			"Repository" : "CRAN"
		},
		"plyr" : {
			"Package" : "plyr",
			"Version" : "1.8.6",
			"Source" : "Repository",
			"Repository" : "CRAN"
		},
		"pool" : {
			"Package" : "pool",
			"Version" : "0.1.4.3",
			"Source" : "Repository",
			"Repository" : "CRAN"
		},
		"shinydashboard" : {
			"Package" : "shinydashboard",
			"Version" : "0.7.1",
			"Source" : "Repository",
			"Repository" : "CRAN"
		},
		"renv" : {
			"Package" : "renv",
			"Version" : "0.11.0",
			"Source" : "Repository",
			"Repository" : "CRAN"
		},
		"FeatureExtraction" : {
			"Package" : "FeatureExtraction",
			"Version" : "3.1.0",
			"Source" : "GitHub",
			"RemoteType" : "github",
			"RemoteHost" : "api.github.com",
			"RemoteRepo" : "FeatureExtraction",
			"RemoteUsername" : "ohdsi",
			"RemoteRef" : "v3.1.0"
		},
		"ROhdsiWebApi" : {
			"Package" : "ROhdsiWebApi",
			"Version" : "1.1.2",
			"Source" : "GitHub",
			"RemoteType" : "github",
			"RemoteHost" : "api.github.com",
			"RemoteRepo" : "ROhdsiWebApi",
			"RemoteUsername" : "ohdsi",
			"RemoteRef" : "v1.1.2"
		},
		"CohortDiagnostics" : {
			"Package" : "CohortDiagnostics",
			"Version" : "2.0.0",
			"Source" : "GitHub",
			"RemoteType" : "github",
			"RemoteHost" : "api.github.com",
			"RemoteRepo" : "CohortDiagnostics",
			"RemoteUsername" : "ohdsi",
			"RemoteRef" : "v2.0.0"
		},
		"OhdsiSharing" : {
			"Package" : "OhdsiSharing",
			"Version" : "0.2.2",
			"Source" : "GitHub",
			"RemoteType" : "github",
			"RemoteHost" : "api.github.com",
			"RemoteRepo" : "OhdsiSharing",
			"RemoteUsername" : "ohdsi",
			"RemoteRef" : "v0.2.2"
		},
		"CohortMethod" : {
			"Package" : "CohortMethod",
			"Version" : "4.0.2",
			"Source" : "GitHub",
			"RemoteType" : "github",
			"RemoteHost" : "api.github.com",
			"RemoteRepo" : "CohortMethod",
			"RemoteUsername" : "ohdsi",
			"RemoteRef" : "839ab7998c8a14f6c3cdf48b937dcf0a3cd11e0d"
		},
		"EvidenceSynthesis" : {
			"Package" : "EvidenceSynthesis",
			"Version" : "0.2.1",
			"Source" : "GitHub",
			"RemoteType" : "github",
			"RemoteHost" : "api.github.com",
			"RemoteRepo" : "EvidenceSynthesis",
			"RemoteUsername" : "ohdsi",
			"RemoteRef" : "v0.2.1"
		},
    "RanitidineCancerRisk": {
      "Package" : "RanitidineCancerRisk",
      "Version" : "0.5",
      "Source" : "GitHub",
      "RemoteType" : "github",
      "RemoteHost" : "api.github.com",
      "RemoteRepo" : "RanitidineCancerRisk",
      "RemoteUsername" : "ohdsi-studies",
      "RemoteRef" : "v0.5"
    }
	}
}
